
Microsoft Visual Studio Solution File, Format Version 12.00
# Visual Studio Version 16
VisualStudioVersion = 16.0.31702.278
MinimumVisualStudioVersion = 10.0.40219.1
Project("{FAE04EC0-301F-11D3-BF4B-00C04F79EFBC}") = "AspNetCoreWebApiProjManager", "AspNetCoreWebApiProjManager.csproj", "{5580CE0E-1BA5-4459-8838-8D1700927CB3}"
EndProject
Global
	GlobalSection(SolutionConfigurationPlatforms) = preSolution
		Debug|Any CPU = Debug|Any CPU
		Release|Any CPU = Release|Any CPU
	EndGlobalSection
	GlobalSection(ProjectConfigurationPlatforms) = postSolution
		{5580CE0E-1BA5-4459-8838-8D1700927CB3}.Debug|Any CPU.ActiveCfg = Debug|Any CPU
		{5580CE0E-1BA5-4459-8838-8D1700927CB3}.Debug|Any CPU.Build.0 = Debug|Any CPU
		{5580CE0E-1BA5-4459-8838-8D1700927CB3}.Release|Any CPU.ActiveCfg = Release|Any CPU
		{5580CE0E-1BA5-4459-8838-8D1700927CB3}.Release|Any CPU.Build.0 = Release|Any CPU
	EndGlobalSection
	GlobalSection(SolutionProperties) = preSolution
		HideSolutionNode = FALSE
	EndGlobalSection
	GlobalSection(ExtensibilityGlobals) = postSolution
		SolutionGuid = {A4E21587-CF33-4FEB-8307-FCAE2B913B89}
	EndGlobalSection
EndGlobal
