
Microsoft Visual Studio Solution File, Format Version 12.00
# Visual Studio Version 16
VisualStudioVersion = 16.0.31702.278
MinimumVisualStudioVersion = 10.0.40219.1
Project("{9A19103F-16F7-4668-BE54-9A1E7A4F7556}") = "AspNetCoreWebApiProjManager", "AspNetCoreWebApiProjManager.csproj", "{5580CE0E-1BA5-4459-8838-8D1700927CB3}"
EndProject
Project("{9A19103F-16F7-4668-BE54-9A1E7A4F7556}") = "AspNetCoreWebApiProjManager.Test", "..\AspNetCoreWebApiProjManager.Test\AspNetCoreWebApiProjManager.Test.csproj", "{BB5F6A81-CF2E-40B4-851F-5832574F74E6}"
EndProject
Global
	GlobalSection(SolutionConfigurationPlatforms) = preSolution
		Debug|Any CPU = Debug|Any CPU
		Release|Any CPU = Release|Any CPU
	EndGlobalSection
	GlobalSection(ProjectConfigurationPlatforms) = postSolution
		{5580CE0E-1BA5-4459-8838-8D1700927CB3}.Debug|Any CPU.ActiveCfg = Debug|Any CPU
		{5580CE0E-1BA5-4459-8838-8D1700927CB3}.Debug|Any CPU.Build.0 = Debug|Any CPU
		{5580CE0E-1BA5-4459-8838-8D1700927CB3}.Release|Any CPU.ActiveCfg = Release|Any CPU
		{5580CE0E-1BA5-4459-8838-8D1700927CB3}.Release|Any CPU.Build.0 = Release|Any CPU
		{BB5F6A81-CF2E-40B4-851F-5832574F74E6}.Debug|Any CPU.ActiveCfg = Debug|Any CPU
		{BB5F6A81-CF2E-40B4-851F-5832574F74E6}.Debug|Any CPU.Build.0 = Debug|Any CPU
		{BB5F6A81-CF2E-40B4-851F-5832574F74E6}.Release|Any CPU.ActiveCfg = Release|Any CPU
		{BB5F6A81-CF2E-40B4-851F-5832574F74E6}.Release|Any CPU.Build.0 = Release|Any CPU
	EndGlobalSection
	GlobalSection(SolutionProperties) = preSolution
		HideSolutionNode = FALSE
	EndGlobalSection
	GlobalSection(ExtensibilityGlobals) = postSolution
		SolutionGuid = {A4E21587-CF33-4FEB-8307-FCAE2B913B89}
	EndGlobalSection
EndGlobal
